{
  "lockfileVersion": 1,
  "configVersion": 1,
  "workspaces": {
    "": {
      "name": "effect-rpc-repro",
      "dependencies": {
        "@effect/platform-node": "4.0.0-beta.94",
        "effect": "4.0.0-beta.94",
      },
      "devDependencies": {
        "@effect/language-service": "^0.86.4",
        "@effect/tsgo": "^0.16.2",
        "@types/node": "^26.1.0",
        "@typescript/native-preview": "^7.0.0-dev.20260707.2",
        "oxfmt": "^0.58.0",
        "oxlint": "^1.73.0",
        "oxlint-tsgolint": "^0.24.0",
        "taze": "^19.14.1",
      },
      "peerDependencies": {
        "typescript": "^6.0.3",
      },
    },
  },
  "packages": {
    "@antfu/ni": ["@antfu/ni@30.2.0", "", { "dependencies": { "fzf": "^0.5.2", "package-manager-detector": "^1.6.0", "tinyexec": "^1.2.4", "tinyglobby": "^0.2.17" }, "bin": { "ni": "bin/ni.mjs", "nci": "bin/nci.mjs", "nr": "bin/nr.mjs", "nup": "bin/nup.mjs", "nd": "bin/nd.mjs", "nlx": "bin/nlx.mjs", "na": "bin/na.mjs", "nun": "bin/nun.mjs" } }, "sha512-/FOdAP1w8COnANVD3TtNj/tnpt/36RkU/ysKZTqx86x9acdhCqTFjDXNYVDyBg6UzcrTwWPUeY75ng7CWLNr+g=="],

    "@effect/language-service": ["@effect/language-service@0.86.4", "", { "bin": { "effect-language-service": "cli.js" } }, "sha512-XzAPsbwCdm0gRh0E8wJu3wXECb00QraE3LnbObA4RgHn8u2TEbwAjmBadRnwSgOIElfzZjbsRqNR706/V54hDg=="],

    "@effect/platform-node": ["@effect/platform-node@4.0.0-beta.94", "", { "dependencies": { "@effect/platform-node-shared": "^4.0.0-beta.94", "mime": "^4.1.0", "undici": "^8.2.0" }, "peerDependencies": { "effect": "^4.0.0-beta.94", "ioredis": "^5.7.0" } }, "sha512-3WhV5ZN2pTPcOtEQlM66Ve0/B4EzF88sYBml97NnRV7BA5Kx0FYLSslc/4aWoaXj6XwuWOxmoXeGGeFzw4gbMQ=="],

    "@effect/platform-node-shared": ["@effect/platform-node-shared@4.0.0-beta.94", "", { "dependencies": { "@types/ws": "^8.18.1", "ws": "^8.20.0" }, "peerDependencies": { "effect": "^4.0.0-beta.94" } }, "sha512-8mCen8dhL4ockkkxevKdFOXqR8sksuZcPwyqkKZv3w30TIdj4TKXG5sQODmpPFI0+/quwm5T78kodqf/QlZwoA=="],

    "@effect/tsgo": ["@effect/tsgo@0.16.2", "", { "optionalDependencies": { "@effect/tsgo-darwin-arm64": "0.16.2", "@effect/tsgo-darwin-x64": "0.16.2", "@effect/tsgo-linux-arm": "0.16.2", "@effect/tsgo-linux-arm64": "0.16.2", "@effect/tsgo-linux-x64": "0.16.2", "@effect/tsgo-win32-arm64": "0.16.2", "@effect/tsgo-win32-x64": "0.16.2" }, "bin": { "effect-tsgo": "dist/effect-tsgo.js" } }, "sha512-eQAKeFdYIWyjTLAN2Mge81Wf4KLNSyi/oRYo1gAMaX4dcI1VEgBWnqlc+47K389klHcdR0q8eZdnrdlhYDtaEw=="],

    "@effect/tsgo-darwin-arm64": ["@effect/tsgo-darwin-arm64@0.16.2", "", { "os": "darwin", "cpu": "arm64" }, "sha512-ChJ4fUKPaKIU+qcq3KHnxLG3LpqZB9W3WRqpEeI9eHbBAnLKjo3y6jul6luGVjxGznGc/z3mYzHai3OCoC7Lew=="],

    "@effect/tsgo-darwin-x64": ["@effect/tsgo-darwin-x64@0.16.2", "", { "os": "darwin", "cpu": "x64" }, "sha512-8ZSJzRF/HZRS64bmgj5bzOE39snc0K7ik0eMOCpEWYL++Z1LhT6U2lR+Cd9s5zSmPQocqyoVc/iykevbOGRzQw=="],

    "@effect/tsgo-linux-arm": ["@effect/tsgo-linux-arm@0.16.2", "", { "os": "linux", "cpu": "arm" }, "sha512-zGlSwwJqf4EhyDIPy0PoZTEnBNJeyAL2T9BOCuAT2L6DfZVhv3BfXfOPfVRJp4rCR50uSBmq2+8vfQYJ6wN36A=="],

    "@effect/tsgo-linux-arm64": ["@effect/tsgo-linux-arm64@0.16.2", "", { "os": "linux", "cpu": "arm64" }, "sha512-lUJnvzW7jRFP0EIVj4mxfPzcjszSSJxUizcXHsaOSbWuA3MAfKZItKZEerZgfJu8GMdwMoZJAECnkwOyyH7WkQ=="],

    "@effect/tsgo-linux-x64": ["@effect/tsgo-linux-x64@0.16.2", "", { "os": "linux", "cpu": "x64" }, "sha512-DYQyYu1xxwrGgAYhNqnJ/3oFwfNfhBjrcXyJCr9LvvAcFOvLotCdWG8KGCZ1MAXxA3TXuOaZliRFZCAcpGU4nA=="],

    "@effect/tsgo-win32-arm64": ["@effect/tsgo-win32-arm64@0.16.2", "", { "os": "win32", "cpu": "arm64" }, "sha512-LOar36BHv165lroDk86BrhDalxOPsIbn0+tG+bMgsap3E2P5pnPbOvZFz27QyZFuXqe1m0JOtQGknpHssR5XcA=="],

    "@effect/tsgo-win32-x64": ["@effect/tsgo-win32-x64@0.16.2", "", { "os": "win32", "cpu": "x64" }, "sha512-roR6wiKQUHpUhVaQmmx65zM6JsPBMHRd1jzQ8N+dGQjw5VLt1LmpjkQLxZskz3jSB9kZBM75Mom7JyI8pc8Khw=="],

    "@henrygd/queue": ["@henrygd/queue@1.2.0", "", {}, "sha512-jW/BLSTpcvExDhqJGxtIPgGr2O0IFF8XUNDwEbfCfhrXT8a4xztQ9Lv6U/vbYzYC0xVWn+3zv6YnLUh3bEFUKA=="],

    "@ioredis/commands": ["@ioredis/commands@1.10.0", "", {}, "sha512-UmeW7z4LfctwoQ5wkhVzgq8tXkreED2xZGpX+Bg+zA+WJFZCT6c062AfCK/Dfk81xZnnwdhJCUMkitihRaoC2Q=="],

    "@msgpackr-extract/msgpackr-extract-darwin-arm64": ["@msgpackr-extract/msgpackr-extract-darwin-arm64@3.0.4", "", { "os": "darwin", "cpu": "arm64" }, "sha512-LCkGo6JDfaBhgST7UpPWgNgLINpcpabaHfyz5OBx75nUYxBsaEPxjnyNjWpeb/xBup/682QnBfRBy2/LvPutZQ=="],

    "@msgpackr-extract/msgpackr-extract-darwin-x64": ["@msgpackr-extract/msgpackr-extract-darwin-x64@3.0.4", "", { "os": "darwin", "cpu": "x64" }, "sha512-zExlW9zUJKZH/tOtVMttwjKa4Xm/3KcNjnE3dPN92uCktwavMxpgCA3MoJK/DOnTWsQgo224OaST27/mPNAf+w=="],

    "@msgpackr-extract/msgpackr-extract-linux-arm": ["@msgpackr-extract/msgpackr-extract-linux-arm@3.0.4", "", { "os": "linux", "cpu": "arm" }, "sha512-Tg3yX65f5GbtXLkrYEHE5oibZG9epyYWas7FogTTEJeDEF9JlXJzKgXaNhT3UXlTOeA+AfZpYZYZ0uPj7Cfquw=="],

    "@msgpackr-extract/msgpackr-extract-linux-arm64": ["@msgpackr-extract/msgpackr-extract-linux-arm64@3.0.4", "", { "os": "linux", "cpu": "arm64" }, "sha512-dgX0P/9wGPJeHFBG+ZmhgE6bmtMt7NP5CRBGyyktpopdk/mW4POnrpQsSLtKI1dwpc+pPLuXHDh6vvskyQE/sw=="],

    "@msgpackr-extract/msgpackr-extract-linux-x64": ["@msgpackr-extract/msgpackr-extract-linux-x64@3.0.4", "", { "os": "linux", "cpu": "x64" }, "sha512-8TNXMEjJc3QEy7R/x1INhgiU+XakDAFUzBhaz7+Rbrs8NH5UQeHQxxmzsSBJGyV6I1jW79undiQm8tOI+D+8FQ=="],

    "@msgpackr-extract/msgpackr-extract-win32-x64": ["@msgpackr-extract/msgpackr-extract-win32-x64@3.0.4", "", { "os": "win32", "cpu": "x64" }, "sha512-CmCXPQrkbwExx3j946/PtHWHbYJiCRBRDl4BlkRQcJB/YOwQxJRTpoo7aTsortjgoJ1x7opzTSxn7C+ASSLVjQ=="],

    "@oxfmt/binding-android-arm-eabi": ["@oxfmt/binding-android-arm-eabi@0.58.0", "", { "os": "android", "cpu": "arm" }, "sha512-Uz62sHduGGPftXtILGyxdSW4PX82rUg+rfdNqhsgxe881g4rIoXlIqmZQ6HVKcF4f+F8qMhdD03Bx5u7gmeTdg=="],

    "@oxfmt/binding-android-arm64": ["@oxfmt/binding-android-arm64@0.58.0", "", { "os": "android", "cpu": "arm64" }, "sha512-rD0lRaJp1b+9vw6X4A2dJWKukd6X8yxiicN4JxXcXayolmUypRZxk+lKR+fVOu5q/iYc0fh5fR4bgmfOfVlbaA=="],

    "@oxfmt/binding-darwin-arm64": ["@oxfmt/binding-darwin-arm64@0.58.0", "", { "os": "darwin", "cpu": "arm64" }, "sha512-uzbPPk7O6M+w2K65vcQ1woga3wgP8zghjL1KOG5b6qJ8dvYHZJ1VShaslg2KOK6yQIwCQtcMCXqLBM6sqXUNTg=="],

    "@oxfmt/binding-darwin-x64": ["@oxfmt/binding-darwin-x64@0.58.0", "", { "os": "darwin", "cpu": "x64" }, "sha512-L0nKYDxU32oxeQqJj21W9SlIMnf81VZEhyah6iDvFhf5q0oynq498Fopth7blErUJVBpVtxQ98RMCfMPqpJX6w=="],

    "@oxfmt/binding-freebsd-x64": ["@oxfmt/binding-freebsd-x64@0.58.0", "", { "os": "freebsd", "cpu": "x64" }, "sha512-woNwfD58dC5PGS9LSLSD5JYfo/EFK5iG9vhDWkcCg3q78ag7KC8bpDqgvPHrMoXpx83OLXxoSOhu6z8FsVTHlg=="],

    "@oxfmt/binding-linux-arm-gnueabihf": ["@oxfmt/binding-linux-arm-gnueabihf@0.58.0", "", { "os": "linux", "cpu": "arm" }, "sha512-Sqs8nMLxuQpY21NKJ1u4stPDmO5hskBCNNh2E3AdCfI1QqWtf4m+Qn4mGEIUO4KGmuq3SWc/SZ80uy5IiwTCDw=="],

    "@oxfmt/binding-linux-arm-musleabihf": ["@oxfmt/binding-linux-arm-musleabihf@0.58.0", "", { "os": "linux", "cpu": "arm" }, "sha512-Vd4exzBI5B5hB9m22JiTQzIL23WvHo/Pe+sNXPNeBLXSP9swCBPKCEBRwKpmpQzYhlgYaCgfPcGXPKAJBRIiZQ=="],

    "@oxfmt/binding-linux-arm64-gnu": ["@oxfmt/binding-linux-arm64-gnu@0.58.0", "", { "os": "linux", "cpu": "arm64" }, "sha512-bUWi5mHV+4Vi56RLHE1h6q/HHfwAIT3XoB9vJAVeRzfu5NriXM8y6eeJu0vlKa0C9kq2rq1sOWRClhdLHPocrg=="],

    "@oxfmt/binding-linux-arm64-musl": ["@oxfmt/binding-linux-arm64-musl@0.58.0", "", { "os": "linux", "cpu": "arm64" }, "sha512-2ZHxemzgHcjtktAuVUwSoyXmGo/t+aF5tS1ciPpPei4rhSyrz3JOqDosXXrmhN/yLUSzJjtuW7ToTWqfQpCj2w=="],

    "@oxfmt/binding-linux-ppc64-gnu": ["@oxfmt/binding-linux-ppc64-gnu@0.58.0", "", { "os": "linux", "cpu": "ppc64" }, "sha512-AwKkVwjVmFQ3bcO7j0McGYAqCKH2a326fswfofng/E8VewCT/raeeGQr4huVhY704deK8AWASSTlxzMj0eZc6Q=="],

    "@oxfmt/binding-linux-riscv64-gnu": ["@oxfmt/binding-linux-riscv64-gnu@0.58.0", "", { "os": "linux", "cpu": "none" }, "sha512-xsRpTxfUnJF8D3AUKko/qyWdjw4GZVHlCVFuGlzSCTeewLmykKINW8em1+wx+axsDVtJJcMtvsiaXggXxrlHgw=="],

    "@oxfmt/binding-linux-riscv64-musl": ["@oxfmt/binding-linux-riscv64-musl@0.58.0", "", { "os": "linux", "cpu": "none" }, "sha512-Z4AYOTcy7nYEIiXwD62PlerimyYRcfJOgUbQAEBjXz098kxKuERBlRntofGy69HHhe9E0TLVNMl1yspVNu+efw=="],

    "@oxfmt/binding-linux-s390x-gnu": ["@oxfmt/binding-linux-s390x-gnu@0.58.0", "", { "os": "linux", "cpu": "s390x" }, "sha512-A3nhhtZPC/TKVWOPj9q/H3p2znJDCcHWYlJBhWL8hGq/bFmBaNBHC8Np6E581yVq1w9Mi3rMDNzDalWvtUfJtQ=="],

    "@oxfmt/binding-linux-x64-gnu": ["@oxfmt/binding-linux-x64-gnu@0.58.0", "", { "os": "linux", "cpu": "x64" }, "sha512-2g+tVkgwqphw8R4hgo+kF4oz8+P5RwVOtr9+irsC7uwEp0e9j7Crw8kDGKL20uYlLPD7g02DqA61mC/UNYx98A=="],

    "@oxfmt/binding-linux-x64-musl": ["@oxfmt/binding-linux-x64-musl@0.58.0", "", { "os": "linux", "cpu": "x64" }, "sha512-rc15P6AbyyB7426aN8AakLd02Trb3a6ML/mmfAQeVHJEfVofWLcWIrBdy6zDEY+DIaL/s8E4GGPboVw+oP3+EA=="],

    "@oxfmt/binding-openharmony-arm64": ["@oxfmt/binding-openharmony-arm64@0.58.0", "", { "os": "none", "cpu": "arm64" }, "sha512-ZWoTM27/HYPOh9iq86DAbhPu9nXb8qKvvGU/h8OfliyVUFAMMNTLDkGsWDKKnDqIkqvZ9+dXlgUOsH1LYO3O7g=="],

    "@oxfmt/binding-win32-arm64-msvc": ["@oxfmt/binding-win32-arm64-msvc@0.58.0", "", { "os": "win32", "cpu": "arm64" }, "sha512-LHZnqFXe2dEfkRI4XdZS/57nEOT/I4UCRX5IyM9v4GYW9XwQCjGe1IUK59SuKw3POwvcgWQ4pme2cYXmNqTNPg=="],

    "@oxfmt/binding-win32-ia32-msvc": ["@oxfmt/binding-win32-ia32-msvc@0.58.0", "", { "os": "win32", "cpu": "ia32" }, "sha512-mZKpg20TpheCJym1rarcZCUJeW1sSruw8zAAaCYWvuVfwIUDN1CXdrPU/JgCWReXTCTrEfCB8Wyo3hh9jSZ2EA=="],

    "@oxfmt/binding-win32-x64-msvc": ["@oxfmt/binding-win32-x64-msvc@0.58.0", "", { "os": "win32", "cpu": "x64" }, "sha512-N/wUU4N5PZ2orBtI+Ko7MnMfYLfE7K91UrGMY/c/pYyHR3lA9kwst1XugkZx+92YcRh/Eo+iv2eTESSWXfiZPA=="],

    "@oxlint-tsgolint/darwin-arm64": ["@oxlint-tsgolint/darwin-arm64@0.24.0", "", { "os": "darwin", "cpu": "arm64" }, "sha512-C2uMmwK5Bc4ri4ysZ6sA8Rcu+A5zBQTp6ml2u0CLLbRZp4kMFPV3yWk8B5DK9Aw7y9bbjogIm75tUwGLFzlsYQ=="],

    "@oxlint-tsgolint/darwin-x64": ["@oxlint-tsgolint/darwin-x64@0.24.0", "", { "os": "darwin", "cpu": "x64" }, "sha512-Wgvt/1lRbDxmoNqWQKKcL+UIiqLmdJ+EWLpQa1qzoNVAfNB0PJpa82/8dH1twT/3rSs4zrP5TXPWl4juB71WuQ=="],

    "@oxlint-tsgolint/linux-arm64": ["@oxlint-tsgolint/linux-arm64@0.24.0", "", { "os": "linux", "cpu": "arm64" }, "sha512-PB1rxII7KV83+ASY4sSkXtqvpij6ME66+QCRL49uksi/ofs2Rf/UVboYr095n0Rkbl2wgvlsHGl6DHC361jQUQ=="],

    "@oxlint-tsgolint/linux-x64": ["@oxlint-tsgolint/linux-x64@0.24.0", "", { "os": "linux", "cpu": "x64" }, "sha512-xcz3CxKmjTQLREtE/UShh+ruWmm9nAb7UM9zKcD65BStiuYgOakAKkPHl4YS5DztpVcDrE0+HqbOolTlRKYWmw=="],

    "@oxlint-tsgolint/win32-arm64": ["@oxlint-tsgolint/win32-arm64@0.24.0", "", { "os": "win32", "cpu": "arm64" }, "sha512-A2i6ZGBec3i20S7RaxkgHc6r3HYtD5Mn7j/mb22NkTz14u0JuudvTu6JggAnbGMcv8+dBKQI//EasxSPJLD8pw=="],

    "@oxlint-tsgolint/win32-x64": ["@oxlint-tsgolint/win32-x64@0.24.0", "", { "os": "win32", "cpu": "x64" }, "sha512-0ZbGd9qRB6zs82moekaKdEvncRANq49EAwfNX62JpTS46feXUhKAuoyVDvZMj6Rywejylrmmu79Wo6faYCo4Ew=="],

    "@oxlint/binding-android-arm-eabi": ["@oxlint/binding-android-arm-eabi@1.73.0", "", { "os": "android", "cpu": "arm" }, "sha512-HZQRN/UMBu+Ut+/9MiAChkbP4qZqrNOWBcNI45vOT40GVhbGR0JgHB87L48D4iAqFQIdVmeQYtV9RF89AjTKkg=="],

    "@oxlint/binding-android-arm64": ["@oxlint/binding-android-arm64@1.73.0", "", { "os": "android", "cpu": "arm64" }, "sha512-Gp+KJRylv2aW7thRpG5p1KTxZq4ZJFbWowrKzufNq9d3ssl3r3JviYV45/+p+7CN1Nv0zDd1e8Ex0b/HUDq4TQ=="],

    "@oxlint/binding-darwin-arm64": ["@oxlint/binding-darwin-arm64@1.73.0", "", { "os": "darwin", "cpu": "arm64" }, "sha512-3de96NdtXhxERMjIz7wsp2HYMY6pMQycGxFWac2mFecAx6VeARF/IqFb1QIaqiCRIdfzBwzTed+pCTCoiS+CYA=="],

    "@oxlint/binding-darwin-x64": ["@oxlint/binding-darwin-x64@1.73.0", "", { "os": "darwin", "cpu": "x64" }, "sha512-5zx/uPW32TiaOeVY1dQ/H5iOf0K1HOdFKOJhLqGl4o63+i1fpzoqqu/mKtd7OFgFjNCdhlyTGgjVkQTZm1ELcg=="],

    "@oxlint/binding-freebsd-x64": ["@oxlint/binding-freebsd-x64@1.73.0", "", { "os": "freebsd", "cpu": "x64" }, "sha512-qNe4gKHaGnLuZJ8toUg90JAa0S2vTVvDw+0bRi3q1avXZXDT4u5mMeECf3nD4HYrbdn1O7dXqWut4onY/yx/Xg=="],

    "@oxlint/binding-linux-arm-gnueabihf": ["@oxlint/binding-linux-arm-gnueabihf@1.73.0", "", { "os": "linux", "cpu": "arm" }, "sha512-cCehYh5hTbfShm/fxTD6wwrGUWIpvX+N5OxmAMhFhDeTGXvw+BeNj889tpxsFQ9ZLatQ6wImuY8tsKLZ+FMz7w=="],

    "@oxlint/binding-linux-arm-musleabihf": ["@oxlint/binding-linux-arm-musleabihf@1.73.0", "", { "os": "linux", "cpu": "arm" }, "sha512-d5j5GDU/2dMgjVhw7TQT9ITrsIr1Y02KEXKyVGIXUkD+KiaxE9TP65FS2ZdgTBemQvoRL+gSBdbrIm3cQIeacg=="],

    "@oxlint/binding-linux-arm64-gnu": ["@oxlint/binding-linux-arm64-gnu@1.73.0", "", { "os": "linux", "cpu": "arm64" }, "sha512-Eyf1SrP3+yR1DI3OJgOY2Pvrr9dWP9TK37xPaDYycwTtlGlI45erJAVIfH5/m/xosDt6BupJYEFi47bvbTuuyw=="],

    "@oxlint/binding-linux-arm64-musl": ["@oxlint/binding-linux-arm64-musl@1.73.0", "", { "os": "linux", "cpu": "arm64" }, "sha512-IlT/OJApEDKaMmCooHuncgJZbbCe7T5QIWmTZBEtYscWvzPQuuEinVcid6kwQRVQOUdb7PUCz4jQHnaYXdfJXw=="],

    "@oxlint/binding-linux-ppc64-gnu": ["@oxlint/binding-linux-ppc64-gnu@1.73.0", "", { "os": "linux", "cpu": "ppc64" }, "sha512-L+JYcb/vdg5fmcH08V6o0YYLU28cTH1SPNulwJdvK9NK49aXSkYy6oNpKBmddArVOXYqNepriDGiZ04G54kh1Q=="],

    "@oxlint/binding-linux-riscv64-gnu": ["@oxlint/binding-linux-riscv64-gnu@1.73.0", "", { "os": "linux", "cpu": "none" }, "sha512-Qtk0g3bKV6OwWjIm7R8kQN1uOZRKQt/MODK2a8QfkwhTpXBD53ozx5XLVWLGDQAVyp2otLW4D2wB98XfAfMPGA=="],

    "@oxlint/binding-linux-riscv64-musl": ["@oxlint/binding-linux-riscv64-musl@1.73.0", "", { "os": "linux", "cpu": "none" }, "sha512-wX0NQKZVxltkAOVmzFcpOaMpdaUvsq1Eqpx9tkAfl71UdkTlSo1R4AdAnGccR1Fm2+TzFgZ22CyyGuZ41RDr/A=="],

    "@oxlint/binding-linux-s390x-gnu": ["@oxlint/binding-linux-s390x-gnu@1.73.0", "", { "os": "linux", "cpu": "s390x" }, "sha512-vPe7UGBMWyiLTtnqS4xxgMQFSFGmtQwhwCxuiw6lXygaO6bVt0D8dFVg8Xv05eaiN3ybC0HXXHUAohFMFvqoCQ=="],

    "@oxlint/binding-linux-x64-gnu": ["@oxlint/binding-linux-x64-gnu@1.73.0", "", { "os": "linux", "cpu": "x64" }, "sha512-2CwIWr9cemFC/CbRBWZvuk5mffz6ObmfFkfcC/9rTQ7f+icNhYr2kOjf9Rt8lLvugvkdGDOmkoVoFFHh6ClCTw=="],

    "@oxlint/binding-linux-x64-musl": ["@oxlint/binding-linux-x64-musl@1.73.0", "", { "os": "linux", "cpu": "x64" }, "sha512-nDadfJgg7NBBxG0N560wOe7LLX5QiYp6qBaI7viuk5EUORFBktU/NfV0MbTqU3gTqQDCh4VyxKdo5VADxk9w8Q=="],

    "@oxlint/binding-openharmony-arm64": ["@oxlint/binding-openharmony-arm64@1.73.0", "", { "os": "none", "cpu": "arm64" }, "sha512-wGjJC+NLH9xP+IKGn9RDW94ojJR/wPbg5WCnQjj/oReaOtCQthr8ws1zICe77JFmo4ouUdeTHHZL/ESGiF6Pmw=="],

    "@oxlint/binding-win32-arm64-msvc": ["@oxlint/binding-win32-arm64-msvc@1.73.0", "", { "os": "win32", "cpu": "arm64" }, "sha512-I7X47GPGljw225YUQ5SbC/rb1Kkdrd0yQf0x+hYxeKS6DpfjMbo9ccQPQ6LNY6BoJQ1sHhgDUGuMn5Vg5gHT6w=="],

    "@oxlint/binding-win32-ia32-msvc": ["@oxlint/binding-win32-ia32-msvc@1.73.0", "", { "os": "win32", "cpu": "ia32" }, "sha512-5lWj+3h+74Fm1jYOO9qkJA4xkAlZA099DkXppuXsk7UpnpZLttsefrZU469vChGaG6hcSqrkKXQOvMTZtbjeNg=="],

    "@oxlint/binding-win32-x64-msvc": ["@oxlint/binding-win32-x64-msvc@1.73.0", "", { "os": "win32", "cpu": "x64" }, "sha512-WaNRvh4f6zY9CvUQk2YoA1O90ieWrIklI84+HXFr9Isjz9CSESrdqo/RtIYt4Dll/cAchqGDMehfaZd0vqEFZw=="],

    "@quansync/fs": ["@quansync/fs@1.0.0", "", { "dependencies": { "quansync": "^1.0.0" } }, "sha512-4TJ3DFtlf1L5LDMaM6CanJ/0lckGNtJcMjQ1NAV6zDmA0tEHKZtxNKin8EgPaVX1YzljbxckyT2tJrpQKAtngQ=="],

    "@standard-schema/spec": ["@standard-schema/spec@1.1.0", "", {}, "sha512-l2aFy5jALhniG5HgqrD6jXLi/rUWrKvqN/qJx6yoJsgKhblVd+iqqU4RCXavm/jPityDo5TCvKMnpjKnOriy0w=="],

    "@types/node": ["@types/node@26.1.0", "", { "dependencies": { "undici-types": "~8.3.0" } }, "sha512-O0A1G3xPGy4w7AgQdAQYUlQ+BKk2Oovw8eRpofyp5KdBZULnbe+WqaOVNrm705SHphCiG4XHsACrSmPu1f+Kgw=="],

    "@types/ws": ["@types/ws@8.18.1", "", { "dependencies": { "@types/node": "*" } }, "sha512-ThVF6DCVhA8kUGy+aazFQ4kXQ7E1Ty7A3ypFOe0IcJV8O/M511G99AW24irKrW56Wt44yG9+ij8FaqoBGkuBXg=="],

    "@typescript/native-preview": ["@typescript/native-preview@7.0.0-dev.20260707.2", "", { "optionalDependencies": { "@typescript/native-preview-darwin-arm64": "7.0.0-dev.20260707.2", "@typescript/native-preview-darwin-x64": "7.0.0-dev.20260707.2", "@typescript/native-preview-linux-arm": "7.0.0-dev.20260707.2", "@typescript/native-preview-linux-arm64": "7.0.0-dev.20260707.2", "@typescript/native-preview-linux-x64": "7.0.0-dev.20260707.2", "@typescript/native-preview-win32-arm64": "7.0.0-dev.20260707.2", "@typescript/native-preview-win32-x64": "7.0.0-dev.20260707.2" }, "bin": { "tsgo": "bin/tsgo" } }, "sha512-oUGp+Rep/hqMhPunyinsALUwSlzHINSxitifPiSaeqoKOKD2OlR9NE3TaPqwsl4NlGslsOSUXI1JotWQzpYCPg=="],

    "@typescript/native-preview-darwin-arm64": ["@typescript/native-preview-darwin-arm64@7.0.0-dev.20260707.2", "", { "os": "darwin", "cpu": "arm64" }, "sha512-wny2pgKjGbiZtnOIHVa3tXC1UfDqxNEFzyPGmiqybedG8hipG2Nfp0l5UxbaKCjkLacUpH/W5bP2hBOMVhCOzg=="],

    "@typescript/native-preview-darwin-x64": ["@typescript/native-preview-darwin-x64@7.0.0-dev.20260707.2", "", { "os": "darwin", "cpu": "x64" }, "sha512-Afc7M5zOwo+GpfcYwz5Z8HMB2tPVsui7nNIqEuuFB73MPdVqNn/Wmpe4tP4MRri0AtJnJknoHBaTJ/VDAp/Jhw=="],

    "@typescript/native-preview-linux-arm": ["@typescript/native-preview-linux-arm@7.0.0-dev.20260707.2", "", { "os": "linux", "cpu": "arm" }, "sha512-hJm/UOqZTr9FHmR7uNm8VGX4oKtfWk0Jem0zPeJFNC8ckGUfSBueyiEYMZB+XmRc1aG4x1E46y3CplP4CLHvGQ=="],

    "@typescript/native-preview-linux-arm64": ["@typescript/native-preview-linux-arm64@7.0.0-dev.20260707.2", "", { "os": "linux", "cpu": "arm64" }, "sha512-iITBa2WjjTI5N9t5l7Z4KoOSI+2zBlhbvFzsD/f8qX8QoKjz/Y4DPyBDgezYi8nkqjjksbgSOJ3/ykzhwrB9cg=="],

    "@typescript/native-preview-linux-x64": ["@typescript/native-preview-linux-x64@7.0.0-dev.20260707.2", "", { "os": "linux", "cpu": "x64" }, "sha512-du0dzi6y97Po5vDNdPJTyyijHCpaS22JLRnKZEJXBDaO9gCIymOv/5QQokFRuOlQm0bWl3i9PF4OVdGP6uAOQA=="],

    "@typescript/native-preview-win32-arm64": ["@typescript/native-preview-win32-arm64@7.0.0-dev.20260707.2", "", { "os": "win32", "cpu": "arm64" }, "sha512-SsAwfhyHJ1akgBc+99z4+hwdbHsdWaKB8EwCNIMA6JfSLMeUjffrYvxu+vfMyxVtOVOz7RrRXRoiDiu4a2sCtg=="],

    "@typescript/native-preview-win32-x64": ["@typescript/native-preview-win32-x64@7.0.0-dev.20260707.2", "", { "os": "win32", "cpu": "x64" }, "sha512-DL4u27stv0fo71sVhOzHSwE+YMZsbBijVI+kg5dLDLilSH79WFTJ8RSQ46vJrCMt+Gjlv/JOZP1PuLJDfioYeQ=="],

    "cac": ["cac@7.0.0", "", {}, "sha512-tixWYgm5ZoOD+3g6UTea91eow5z6AAHaho3g0V9CNSNb45gM8SmflpAc+GRd1InC4AqN/07Unrgp56Y94N9hJQ=="],

    "cluster-key-slot": ["cluster-key-slot@1.1.1", "", {}, "sha512-rwHwUfXL40Chm1r08yrhU3qpUvdVlgkKNeyeGPOxnW8/SyVDvgRaed/Uz54AqWNaTCAThlj6QAs3TZcKI0xDEw=="],

    "debug": ["debug@4.4.3", "", { "dependencies": { "ms": "^2.1.3" } }, "sha512-RGwwWnwQvkVfavKVt22FGLw+xYSdzARwm0ru6DhTVA3umU5hZc28V3kO4stgYryrTlLpuvgI9GiijltAjNbcqA=="],

    "defu": ["defu@6.1.7", "", {}, "sha512-7z22QmUWiQ/2d0KkdYmANbRUVABpZ9SNYyH5vx6PZ+nE5bcC0l7uFvEfHlyld/HcGBFTL536ClDt3DEcSlEJAQ=="],

    "denque": ["denque@2.1.0", "", {}, "sha512-HVQE3AAb/pxF8fQAoiqpvg9i3evqug3hoiwakOyZAwJm+6vZehbkYXZ0l4JxS+I3QxM97v5aaRNhj8v5oBhekw=="],

    "destr": ["destr@2.0.5", "", {}, "sha512-ugFTXCtDZunbzasqBxrK93Ik/DRYsO6S/fedkWEMKqt04xZ4csmnmwGDBAb07QWNaGMAmnTIemsYZCksjATwsA=="],

    "detect-libc": ["detect-libc@2.1.2", "", {}, "sha512-Btj2BOOO83o3WyH59e8MgXsxEQVcarkUOpEYrubB0urwnN10yQ364rsiByU11nZlqWYZm05i/of7io4mzihBtQ=="],

    "effect": ["effect@4.0.0-beta.94", "", { "dependencies": { "@standard-schema/spec": "^1.1.0", "fast-check": "^4.8.0", "find-my-way-ts": "^0.1.6", "ini": "^7.0.0", "kubernetes-types": "^1.30.0", "msgpackr": "^2.0.1", "multipasta": "^0.2.7", "toml": "^4.1.1", "uuid": "^14.0.0", "yaml": "^2.9.0" } }, "sha512-Q8BrCNbp/3Uh+7xQYHphZBkNfm2SJnl1frQ+8yWfd/j3SU3cL13D38cBMLcnULupwza2Nt4DrjZoMzHWL3CoxQ=="],

    "fast-check": ["fast-check@4.8.0", "", { "dependencies": { "pure-rand": "^8.0.0" } }, "sha512-GOJ158CUMnN6cSahsv4+ExARvIDuzzinFjkp0E9WtiBa5zcVeLozVkWaE4IzFcc+Y48Wp1EDlUZsXRyAztQcSg=="],

    "fdir": ["fdir@6.5.0", "", { "peerDependencies": { "picomatch": "^3 || ^4" }, "optionalPeers": ["picomatch"] }, "sha512-tIbYtZbucOs0BRGqPJkshJUYdL+SDH7dVM8gjy+ERp3WAUjLEFJE+02kanyHtwjWOnwrKYBiwAmM0p4kLJAnXg=="],

    "find-my-way-ts": ["find-my-way-ts@0.1.6", "", {}, "sha512-a85L9ZoXtNAey3Y6Z+eBWW658kO/MwR7zIafkIUPUMf3isZG0NCs2pjW2wtjxAKuJPxMAsHUIP4ZPGv0o5gyTA=="],

    "fzf": ["fzf@0.5.2", "", {}, "sha512-Tt4kuxLXFKHy8KT40zwsUPUkg1CrsgY25FxA2U/j/0WgEDCk3ddc/zLTCCcbSHX9FcKtLuVaDGtGE/STWC+j3Q=="],

    "ini": ["ini@7.0.0", "", {}, "sha512-ifK0CgjALofS5bkrcTy4RaQ9Vx2Knf/eLeIO+NaswQEpH1UblrtTSCIvN71qQDMq0PeQ/SSPojvEJp9vvvfr+w=="],

    "ioredis": ["ioredis@5.11.1", "", { "dependencies": { "@ioredis/commands": "1.10.0", "cluster-key-slot": "1.1.1", "debug": "4.4.3", "denque": "2.1.0", "redis-errors": "1.2.0", "redis-parser": "3.0.0", "standard-as-callback": "2.1.0" } }, "sha512-ehuGcf94bQXhfagULNXrJdfnWO38v070jxSx/qE87Kjzmu2fU7ro5EFAb+OPituLqgfyuQaym5DlrNydW2sJ9A=="],

    "jiti": ["jiti@2.7.0", "", { "bin": { "jiti": "lib/jiti-cli.mjs" } }, "sha512-AC/7JofJvZGrrneWNaEnJeOLUx+JlGt7tNa0wZiRPT4MY1wmfKjt2+6O2p2uz2+skll8OZZmJMNqeke7kKbNgQ=="],

    "kubernetes-types": ["kubernetes-types@1.30.0", "", {}, "sha512-Dew1okvhM/SQcIa2rcgujNndZwU8VnSapDgdxlYoB84ZlpAD43U6KLAFqYo17ykSFGHNPrg0qry0bP+GJd9v7Q=="],

    "mime": ["mime@4.1.0", "", { "bin": { "mime": "bin/cli.js" } }, "sha512-X5ju04+cAzsojXKes0B/S4tcYtFAJ6tTMuSPBEn9CPGlrWr8Fiw7qYeLT0XyH80HSoAoqWCaz+MWKh22P7G1cw=="],

    "mimic-function": ["mimic-function@5.0.1", "", {}, "sha512-VP79XUPxV2CigYP3jWwAUFSku2aKqBH7uTAapFWCBqutsbmDo96KY5o8uh6U+/YSIn5OxJnXp73beVkpqMIGhA=="],

    "ms": ["ms@2.1.3", "", {}, "sha512-6FlzubTLZG3J2a/NVCAleEhjzq5oxgHyaCU9yYXvcLsvoVaHJq/s5xXI6/XXP6tz7R9xAOtHnSO/tXtF3WRTlA=="],

    "msgpackr": ["msgpackr@2.0.4", "", { "optionalDependencies": { "msgpackr-extract": "^3.0.4" } }, "sha512-o1C5KRmuRt+apqMr1HuGSqWStZoRBUpEsCsl15uM9VdAF1qHLtvMOU2En747EnTyEl6c4pzPewRMFF31s1CNbA=="],

    "msgpackr-extract": ["msgpackr-extract@3.0.4", "", { "dependencies": { "node-gyp-build-optional-packages": "5.2.2" }, "optionalDependencies": { "@msgpackr-extract/msgpackr-extract-darwin-arm64": "3.0.4", "@msgpackr-extract/msgpackr-extract-darwin-x64": "3.0.4", "@msgpackr-extract/msgpackr-extract-linux-arm": "3.0.4", "@msgpackr-extract/msgpackr-extract-linux-arm64": "3.0.4", "@msgpackr-extract/msgpackr-extract-linux-x64": "3.0.4", "@msgpackr-extract/msgpackr-extract-win32-x64": "3.0.4" }, "bin": { "download-msgpackr-prebuilds": "bin/download-prebuilds.js" } }, "sha512-4kmO/MdyUIkLIvTPr8VHLil4AtoKIoniWPIEk5+CDy0xnWC84azhSFmuJ7PxZdsYtiP5kEeQsORAVIeMgxT+Hw=="],

    "multipasta": ["multipasta@0.2.8", "", {}, "sha512-ZPWuMKyv0cSO29f7hozp+k6+crZbQijV8ipMvxNxRf2SwtYGTX1ZX89Kd20VV4H9Znonx+EQn+iy1wGQsJ+b+Q=="],

    "node-fetch-native": ["node-fetch-native@1.6.7", "", {}, "sha512-g9yhqoedzIUm0nTnTqAQvueMPVOuIY16bqgAJJC8XOOubYFNwz6IER9qs0Gq2Xd0+CecCKFjtdDTMA4u4xG06Q=="],

    "node-gyp-build-optional-packages": ["node-gyp-build-optional-packages@5.2.2", "", { "dependencies": { "detect-libc": "^2.0.1" }, "bin": { "node-gyp-build-optional-packages": "bin.js", "node-gyp-build-optional-packages-optional": "optional.js", "node-gyp-build-optional-packages-test": "build-test.js" } }, "sha512-s+w+rBWnpTMwSFbaE0UXsRlg7hU4FjekKU4eyAih5T8nJuNZT1nNsskXpxmeqSK9UzkBl6UgRlnKc8hz8IEqOw=="],

    "ofetch": ["ofetch@1.5.1", "", { "dependencies": { "destr": "^2.0.5", "node-fetch-native": "^1.6.7", "ufo": "^1.6.1" } }, "sha512-2W4oUZlVaqAPAil6FUg/difl6YhqhUR7x2eZY4bQCko22UXg3hptq9KLQdqFClV+Wu85UX7hNtdGTngi/1BxcA=="],

    "onetime": ["onetime@7.0.0", "", { "dependencies": { "mimic-function": "^5.0.0" } }, "sha512-VXJjc87FScF88uafS3JllDgvAm+c/Slfz06lorj2uAY34rlUu0Nt+v8wreiImcrgAjjIHp1rXpTDlLOGw29WwQ=="],

    "oxfmt": ["oxfmt@0.58.0", "", { "dependencies": { "tinypool": "2.1.0" }, "optionalDependencies": { "@oxfmt/binding-android-arm-eabi": "0.58.0", "@oxfmt/binding-android-arm64": "0.58.0", "@oxfmt/binding-darwin-arm64": "0.58.0", "@oxfmt/binding-darwin-x64": "0.58.0", "@oxfmt/binding-freebsd-x64": "0.58.0", "@oxfmt/binding-linux-arm-gnueabihf": "0.58.0", "@oxfmt/binding-linux-arm-musleabihf": "0.58.0", "@oxfmt/binding-linux-arm64-gnu": "0.58.0", "@oxfmt/binding-linux-arm64-musl": "0.58.0", "@oxfmt/binding-linux-ppc64-gnu": "0.58.0", "@oxfmt/binding-linux-riscv64-gnu": "0.58.0", "@oxfmt/binding-linux-riscv64-musl": "0.58.0", "@oxfmt/binding-linux-s390x-gnu": "0.58.0", "@oxfmt/binding-linux-x64-gnu": "0.58.0", "@oxfmt/binding-linux-x64-musl": "0.58.0", "@oxfmt/binding-openharmony-arm64": "0.58.0", "@oxfmt/binding-win32-arm64-msvc": "0.58.0", "@oxfmt/binding-win32-ia32-msvc": "0.58.0", "@oxfmt/binding-win32-x64-msvc": "0.58.0" }, "peerDependencies": { "svelte": "^5.0.0", "vite-plus": "*" }, "optionalPeers": ["svelte", "vite-plus"], "bin": { "oxfmt": "bin/oxfmt" } }, "sha512-8feG/7NVEHDVwc1OUpP6Pks+TnaDFUw2jLLFIMi5bcmmwxAX2wBQvjSzj62RRTYBf2Op1Wt8xbkmagmPTR5ETg=="],

    "oxlint": ["oxlint@1.73.0", "", { "optionalDependencies": { "@oxlint/binding-android-arm-eabi": "1.73.0", "@oxlint/binding-android-arm64": "1.73.0", "@oxlint/binding-darwin-arm64": "1.73.0", "@oxlint/binding-darwin-x64": "1.73.0", "@oxlint/binding-freebsd-x64": "1.73.0", "@oxlint/binding-linux-arm-gnueabihf": "1.73.0", "@oxlint/binding-linux-arm-musleabihf": "1.73.0", "@oxlint/binding-linux-arm64-gnu": "1.73.0", "@oxlint/binding-linux-arm64-musl": "1.73.0", "@oxlint/binding-linux-ppc64-gnu": "1.73.0", "@oxlint/binding-linux-riscv64-gnu": "1.73.0", "@oxlint/binding-linux-riscv64-musl": "1.73.0", "@oxlint/binding-linux-s390x-gnu": "1.73.0", "@oxlint/binding-linux-x64-gnu": "1.73.0", "@oxlint/binding-linux-x64-musl": "1.73.0", "@oxlint/binding-openharmony-arm64": "1.73.0", "@oxlint/binding-win32-arm64-msvc": "1.73.0", "@oxlint/binding-win32-ia32-msvc": "1.73.0", "@oxlint/binding-win32-x64-msvc": "1.73.0" }, "peerDependencies": { "oxlint-tsgolint": ">=0.24.0", "vite-plus": "*" }, "optionalPeers": ["oxlint-tsgolint", "vite-plus"], "bin": { "oxlint": "bin/oxlint" } }, "sha512-u91G9TJzU6yqKWNZUYprQB07W7YvntZXaRxQ6CkoytepYhLWUXWsr1M8zUJ34VatNPuUAr3Z8GH+O2A331CluQ=="],

    "oxlint-tsgolint": ["oxlint-tsgolint@0.24.0", "", { "optionalDependencies": { "@oxlint-tsgolint/darwin-arm64": "0.24.0", "@oxlint-tsgolint/darwin-x64": "0.24.0", "@oxlint-tsgolint/linux-arm64": "0.24.0", "@oxlint-tsgolint/linux-x64": "0.24.0", "@oxlint-tsgolint/win32-arm64": "0.24.0", "@oxlint-tsgolint/win32-x64": "0.24.0" }, "bin": { "tsgolint": "bin/tsgolint.js" } }, "sha512-giCk5sEvG02d5tzPmFMX3hem8ndzEEu1xvGYS5OwNfO2WGl6ZVxt5LjE0yiMDoz94INI7XkXwgFAQiydPvVHDw=="],

    "package-manager-detector": ["package-manager-detector@1.7.0", "", {}, "sha512-xg1eHpwYL/D/HEdWw2goFZP6vV0FH7W+PZ5rFkGjdIDLtxq7EkzBUeT3m+lndYCt8wKbmofUu1MUdMCXkCk9ZQ=="],

    "pathe": ["pathe@2.0.3", "", {}, "sha512-WUjGcAqP1gQacoQe+OBJsFA7Ld4DyXuUIjZ5cc75cLHvJ7dtNsTugphxIADwspS+AraAUePCKrSVtPLFj/F88w=="],

    "picomatch": ["picomatch@4.0.5", "", {}, "sha512-RvwwcruNjI1ncT5xRakeyS9Lf8lcItv34KD+aif+VH9kduAyfYBipGh12274xtenIPZ119/R9BdTBa8gAwSh0A=="],

    "pnpm-workspace-yaml": ["pnpm-workspace-yaml@1.6.1", "", { "dependencies": { "yaml": "^2.9.0" } }, "sha512-yTeZntGWi8m9WNuhoVsP0DpFc4sC1U0+rr/qR6Zi9n2g3sxXY+JfccjXjjruNz96tM8I09yaJUA86doRnNLkbg=="],

    "pure-rand": ["pure-rand@8.4.1", "", {}, "sha512-c58R2+SPFcSIPXoU834QN/KPDDOSd8sXcSrqf6e83Me6Rrp1EYkxukkjXMVrKvKaADs1SOyNkWdfvLf6zY8qLQ=="],

    "quansync": ["quansync@1.0.0", "", {}, "sha512-5xZacEEufv3HSTPQuchrvV6soaiACMFnq1H8wkVioctoH3TRha9Sz66lOxRwPK/qZj7HPiSveih9yAyh98gvqA=="],

    "redis-errors": ["redis-errors@1.2.0", "", {}, "sha512-1qny3OExCf0UvUV/5wpYKf2YwPcOqXzkwKKSmKHiE6ZMQs5heeE/c8eXK+PNllPvmjgAbfnsbpkGZWy8cBpn9w=="],

    "redis-parser": ["redis-parser@3.0.0", "", { "dependencies": { "redis-errors": "^1.0.0" } }, "sha512-DJnGAeenTdpMEH6uAJRK/uiyEIH9WVsUmoLwzudwGJUwZPp80PDBWPHXSAGNPwNvIXAbe7MSUB1zQFugFml66A=="],

    "restore-cursor": ["restore-cursor@5.1.0", "", { "dependencies": { "onetime": "^7.0.0", "signal-exit": "^4.1.0" } }, "sha512-oMA2dcrw6u0YfxJQXm342bFKX/E4sG9rbTzO9ptUcR/e8A33cHuvStiYOwH7fszkZlZ1z/ta9AAoPk2F4qIOHA=="],

    "signal-exit": ["signal-exit@4.1.0", "", {}, "sha512-bzyZ1e88w9O1iNJbKnOlvYTrWPDl46O1bG0D3XInv+9tkPrxrN8jUUTiFlDkkmKWgn1M6CfIA13SuGqOa9Korw=="],

    "standard-as-callback": ["standard-as-callback@2.1.0", "", {}, "sha512-qoRRSyROncaz1z0mvYqIE4lCd9p2R90i6GxW3uZv5ucSu8tU7B5HXUP1gG8pVZsYNVaXjk8ClXHPttLyxAL48A=="],

    "taze": ["taze@19.14.1", "", { "dependencies": { "@antfu/ni": "^30.1.0", "@henrygd/queue": "^1.2.0", "cac": "^7.0.0", "ofetch": "^1.5.1", "package-manager-detector": "^1.6.0", "pathe": "^2.0.3", "pnpm-workspace-yaml": "^1.6.1", "restore-cursor": "^5.1.0", "tinyexec": "^1.2.2", "tinyglobby": "^0.2.16", "unconfig": "^7.5.0", "yaml": "^2.9.0" }, "bin": { "taze": "bin/taze.mjs" } }, "sha512-+wf/IqGReU68vBE/iJ7JCuV5QeD6zQBp9MI6YphN7bT2vf/YIHd0oVA4AJiX3uANI1hQY58MrVmDwLv0x/q3BA=="],

    "tinyexec": ["tinyexec@1.2.4", "", {}, "sha512-SHf/r48b7vOrjve9PxJo3MN5v5yuyjHvdUcrQffT3WXMUfnGmHDVbC4k3sHJaJTgZCwpUplIaAo5ANtMyp3YHg=="],

    "tinyglobby": ["tinyglobby@0.2.17", "", { "dependencies": { "fdir": "^6.5.0", "picomatch": "^4.0.4" } }, "sha512-wXR/dYpcqKmfWpEdZjiKJOwCNFndD0DMnrW/cYjVGttEkBfVgcLFHoNrlj47mjOVic9yyNu65alsgF4NQyTa2g=="],

    "tinypool": ["tinypool@2.1.0", "", {}, "sha512-Pugqs6M0m7Lv1I7FtxN4aoyToKg1C4tu+/381vH35y8oENM/Ai7f7C4StcoK4/+BSw9ebcS8jRiVrORFKCALLw=="],

    "toml": ["toml@4.1.2", "", {}, "sha512-m0vXfHODcw3gk+KONAOlVQ5yNHc3yS3B1ybM3HS1vqDoS0RWTDDVBVVTYi8hH0k+2OM1vmo9fb1WX9EVqjqfHA=="],

    "typescript": ["typescript@6.0.3", "", { "bin": { "tsc": "bin/tsc", "tsserver": "bin/tsserver" } }, "sha512-y2TvuxSZPDyQakkFRPZHKFm+KKVqIisdg9/CZwm9ftvKXLP8NRWj38/ODjNbr43SsoXqNuAisEf1GdCxqWcdBw=="],

    "ufo": ["ufo@1.6.4", "", {}, "sha512-JFNbkD1Svwe0KvGi8GOeLcP4kAWQ609twvCdcHxq1oSL8svv39ZuSvajcD8B+5D0eL4+s1Is2D/O6KN3qcTeRA=="],

    "unconfig": ["unconfig@7.5.0", "", { "dependencies": { "@quansync/fs": "^1.0.0", "defu": "^6.1.4", "jiti": "^2.6.1", "quansync": "^1.0.0", "unconfig-core": "7.5.0" } }, "sha512-oi8Qy2JV4D3UQ0PsopR28CzdQ3S/5A1zwsUwp/rosSbfhJ5z7b90bIyTwi/F7hCLD4SGcZVjDzd4XoUQcEanvA=="],

    "unconfig-core": ["unconfig-core@7.5.0", "", { "dependencies": { "@quansync/fs": "^1.0.0", "quansync": "^1.0.0" } }, "sha512-Su3FauozOGP44ZmKdHy2oE6LPjk51M/TRRjHv2HNCWiDvfvCoxC2lno6jevMA91MYAdCdwP05QnWdWpSbncX/w=="],

    "undici": ["undici@8.7.0", "", {}, "sha512-N7iQtfyLhIMOFgQubvmLV26svHpO0bqKnAiWotTQCVKCmWrcGbBotPuW1x+xwYZ2VHdSTVUfPQQnlEt1/LouTQ=="],

    "undici-types": ["undici-types@8.3.0", "", {}, "sha512-j375ScV60dom+YkPFIfTLcOiPxkN/buHz5GobjLhixFuANaNs3C9l4GmrWqejgXWJ7BbJcFYpTEUkS1Ge8bpZQ=="],

    "uuid": ["uuid@14.0.1", "", { "bin": { "uuid": "dist-node/bin/uuid" } }, "sha512-6ZxzVpzDXDa3bJWaHilVayA+BH/1zmxCJoVgvmqJnid/gPoKHxUrS/aC/T6LGQtNHT+XHG9fXPJB4d+IrU30Ew=="],

    "ws": ["ws@8.21.0", "", { "peerDependencies": { "bufferutil": "^4.0.1", "utf-8-validate": ">=5.0.2" }, "optionalPeers": ["bufferutil", "utf-8-validate"] }, "sha512-Vsp28b7DRcimFQvrqu2Wek3z1iYxDCWqHYB8Qsnk/S4RfaCQzPGPyBNuVjJV3cd6UiKtUtp6sNM77gWvzcCH+g=="],

    "yaml": ["yaml@2.9.0", "", { "bin": { "yaml": "bin.mjs" } }, "sha512-2AvhNX3mb8zd6Zy7INTtSpl1F15HW6Wnqj0srWlkKLcpYl/gMIMJiyuGq2KeI2YFxUPjdlB+3Lc10seMLtL4cA=="],
  }
}
